schema: '2.0'
stages:
  preprocess:
    cmd: python src/preprocess.py
    outs:
    - path: data/wine_test.csv
      hash: md5
      md5: b6a960b8e7e370f0131c2db688498d8b
      size: 9458
    - path: data/wine_train.csv
      hash: md5
      md5: b4f8cd6f46a0e53db36762216149eafe
      size: 36875
  train:
    cmd: python src/train.py
    deps:
    - path: data/wine_train.csv
      hash: md5
      md5: b4f8cd6f46a0e53db36762216149eafe
      size: 36875
    params:
      params.yaml:
        train.model.learning_rate: 0.5
        train.model.max_iter: 50
        train.random_state: 42
        train.test_size: 0.2
    outs:
    - path: model/model.pkl
      hash: md5
      md5: 8c04fbb766cd5646e384cf37e66a02a9
      size: 1759
